// !$*UTF8*$!
{
	archiveVersion = 1;
	classes = {
	};
	objectVersion = 46;
	objects = {

/* Begin PBXBuildFile section */
		607FACDD1AFB9204008FA782 /* Images.xcassets in Resources */ = {isa = PBXBuildFile; fileRef = 607FACDC1AFB9204008FA782 /* Images.xcassets */; };
		607FACE01AFB9204008FA782 /* LaunchScreen.xib in Resources */ = {isa = PBXBuildFile; fileRef = 607FACDE1AFB9204008FA782 /* LaunchScreen.xib */; };
		607FACEC1AFB9204008FA782 /* Tests.swift in Sources */ = {isa = PBXBuildFile; fileRef = 607FACEB1AFB9204008FA782 /* Tests.swift */; };
		6D0B5A702D0976B100665B28 /* local_wmv.wmv in Resources */ = {isa = PBXBuildFile; fileRef = 6D0B5A6F2D0976B100665B28 /* local_wmv.wmv */; };
		6D0B5A722D09783A00665B28 /* local_vob.vob in Resources */ = {isa = PBXBuildFile; fileRef = 6D0B5A712D09783A00665B28 /* local_vob.vob */; };
		6D167CCD2CF8155B0070C77D /* local_mp4.mp4 in Resources */ = {isa = PBXBuildFile; fileRef = 6D167CCC2CF8155B0070C77D /* local_mp4.mp4 */; };
		6D29BECC2D10510700D19EEE /* Resource.swift in Sources */ = {isa = PBXBuildFile; fileRef = 6D29BECB2D10510300D19EEE /* Resource.swift */; };
		6D3BABAA2CF9C67A00218A6B /* local_mov.mov in Resources */ = {isa = PBXBuildFile; fileRef = 6D3BABA92CF9C67A00218A6B /* local_mov.mov */; };
		6D54AE61296D3EAD00174BDE /* NavigationController.swift in Sources */ = {isa = PBXBuildFile; fileRef = 6D54AE60296D3EAD00174BDE /* NavigationController.swift */; };
		6D90A1612954174B00F88736 /* MobileCoreServices.framework in Frameworks */ = {isa = PBXBuildFile; fileRef = 6D90A1602954174B00F88736 /* MobileCoreServices.framework */; };
		6D90A174295417CC00F88736 /* AppDelegate.swift in Sources */ = {isa = PBXBuildFile; fileRef = 6D90A16D295417CB00F88736 /* AppDelegate.swift */; };
		6D90A175295417CC00F88736 /* PlayerViewController.swift in Sources */ = {isa = PBXBuildFile; fileRef = 6D90A16E295417CB00F88736 /* PlayerViewController.swift */; };
		6D90A176295417CC00F88736 /* PostsViewController.swift in Sources */ = {isa = PBXBuildFile; fileRef = 6D90A16F295417CB00F88736 /* PostsViewController.swift */; };
		6D90A177295417CC00F88736 /* Main.storyboard in Resources */ = {isa = PBXBuildFile; fileRef = 6D90A170295417CB00F88736 /* Main.storyboard */; };
		6D90A178295417CC00F88736 /* DemoListViewController.swift in Sources */ = {isa = PBXBuildFile; fileRef = 6D90A171295417CB00F88736 /* DemoListViewController.swift */; };
		6D90A17A2954361C00F88736 /* PostCells.swift in Sources */ = {isa = PBXBuildFile; fileRef = 6D90A1792954361C00F88736 /* PostCells.swift */; };
		6DF9A58C2D1133710013D936 /* local_mp3.mp3 in Resources */ = {isa = PBXBuildFile; fileRef = 6DF9A5892D1133710013D936 /* local_mp3.mp3 */; };
		6DF9A58D2D1133710013D936 /* local_wav.wav in Resources */ = {isa = PBXBuildFile; fileRef = 6DF9A58B2D1133710013D936 /* local_wav.wav */; };
		6DF9A58E2D1133710013D936 /* local_ogg.ogg in Resources */ = {isa = PBXBuildFile; fileRef = 6DF9A58A2D1133710013D936 /* local_ogg.ogg */; };
		987180548DF2E53859CAF6FC /* Pods_Playback_Tests.framework in Frameworks */ = {isa = PBXBuildFile; fileRef = 72EDD19C266546127ECFE098 /* Pods_Playback_Tests.framework */; };
		EC210DD110922C0D6CC8150E /* Pods_Playback_Example.framework in Frameworks */ = {isa = PBXBuildFile; fileRef = 631E5ABFCEF4B251627317A5 /* Pods_Playback_Example.framework */; };
/* End PBXBuildFile section */

/* Begin PBXContainerItemProxy section */
		607FACE61AFB9204008FA782 /* PBXContainerItemProxy */ = {
			isa = PBXContainerItemProxy;
			containerPortal = 607FACC81AFB9204008FA782 /* Project object */;
			proxyType = 1;
			remoteGlobalIDString = 607FACCF1AFB9204008FA782;
			remoteInfo = Playback;
		};
/* End PBXContainerItemProxy section */

/* Begin PBXFileReference section */
		09AE2BAA5812CAC7AA164808 /* README.md */ = {isa = PBXFileReference; includeInIndex = 1; lastKnownFileType = net.daringfireball.markdown; name = README.md; path = ../README.md; sourceTree = "<group>"; };
		4351F377976C0EB3491F060C /* Pods-Playback_Example.release.xcconfig */ = {isa = PBXFileReference; includeInIndex = 1; lastKnownFileType = text.xcconfig; name = "Pods-Playback_Example.release.xcconfig"; path = "Target Support Files/Pods-Playback_Example/Pods-Playback_Example.release.xcconfig"; sourceTree = "<group>"; };
		607FACD01AFB9204008FA782 /* Playback_Example.app */ = {isa = PBXFileReference; explicitFileType = wrapper.application; includeInIndex = 0; path = Playback_Example.app; sourceTree = BUILT_PRODUCTS_DIR; };
		607FACD41AFB9204008FA782 /* Info.plist */ = {isa = PBXFileReference; lastKnownFileType = text.plist.xml; path = Info.plist; sourceTree = "<group>"; };
		607FACDC1AFB9204008FA782 /* Images.xcassets */ = {isa = PBXFileReference; lastKnownFileType = folder.assetcatalog; path = Images.xcassets; sourceTree = "<group>"; };
		607FACDF1AFB9204008FA782 /* Base */ = {isa = PBXFileReference; lastKnownFileType = file.xib; name = Base; path = Base.lproj/LaunchScreen.xib; sourceTree = "<group>"; };
		607FACE51AFB9204008FA782 /* Playback_Tests.xctest */ = {isa = PBXFileReference; explicitFileType = wrapper.cfbundle; includeInIndex = 0; path = Playback_Tests.xctest; sourceTree = BUILT_PRODUCTS_DIR; };
		607FACEA1AFB9204008FA782 /* Info.plist */ = {isa = PBXFileReference; lastKnownFileType = text.plist.xml; path = Info.plist; sourceTree = "<group>"; };
		607FACEB1AFB9204008FA782 /* Tests.swift */ = {isa = PBXFileReference; lastKnownFileType = sourcecode.swift; path = Tests.swift; sourceTree = "<group>"; };
		631E5ABFCEF4B251627317A5 /* Pods_Playback_Example.framework */ = {isa = PBXFileReference; explicitFileType = wrapper.framework; includeInIndex = 0; path = Pods_Playback_Example.framework; sourceTree = BUILT_PRODUCTS_DIR; };
		6D0B5A6F2D0976B100665B28 /* local_wmv.wmv */ = {isa = PBXFileReference; lastKnownFileType = file; path = local_wmv.wmv; sourceTree = "<group>"; };
		6D0B5A712D09783A00665B28 /* local_vob.vob */ = {isa = PBXFileReference; lastKnownFileType = file; path = local_vob.vob; sourceTree = "<group>"; };
		6D0B5A782D0993DA00665B28 /* PlaybackFoundation.podspec */ = {isa = PBXFileReference; lastKnownFileType = text; name = PlaybackFoundation.podspec; path = ../PlaybackFoundation.podspec; sourceTree = SOURCE_ROOT; xcLanguageSpecificationIdentifier = xcode.lang.ruby; };
		6D0B5A792D0993DA00665B28 /* Playback.podspec */ = {isa = PBXFileReference; lastKnownFileType = text; name = Playback.podspec; path = ../Playback.podspec; sourceTree = SOURCE_ROOT; };
		6D167CCC2CF8155B0070C77D /* local_mp4.mp4 */ = {isa = PBXFileReference; lastKnownFileType = file; path = local_mp4.mp4; sourceTree = "<group>"; };
		6D29BECB2D10510300D19EEE /* Resource.swift */ = {isa = PBXFileReference; lastKnownFileType = sourcecode.swift; path = Resource.swift; sourceTree = "<group>"; };
		6D3BABA92CF9C67A00218A6B /* local_mov.mov */ = {isa = PBXFileReference; lastKnownFileType = video.quicktime; path = local_mov.mov; sourceTree = "<group>"; };
		6D54AE60296D3EAD00174BDE /* NavigationController.swift */ = {isa = PBXFileReference; lastKnownFileType = sourcecode.swift; path = NavigationController.swift; sourceTree = "<group>"; };
		6D90A14E2954170B00F88736 /* AudioToolbox.framework */ = {isa = PBXFileReference; lastKnownFileType = wrapper.framework; name = AudioToolbox.framework; path = System/Library/Frameworks/AudioToolbox.framework; sourceTree = SDKROOT; };
		6D90A1502954171000F88736 /* AVFoundation.framework */ = {isa = PBXFileReference; lastKnownFileType = wrapper.framework; name = AVFoundation.framework; path = System/Library/Frameworks/AVFoundation.framework; sourceTree = SDKROOT; };
		6D90A1522954171700F88736 /* CoreGraphics.framework */ = {isa = PBXFileReference; lastKnownFileType = wrapper.framework; name = CoreGraphics.framework; path = System/Library/Frameworks/CoreGraphics.framework; sourceTree = SDKROOT; };
		6D90A1542954171D00F88736 /* CoreMedia.framework */ = {isa = PBXFileReference; lastKnownFileType = wrapper.framework; name = CoreMedia.framework; path = System/Library/Frameworks/CoreMedia.framework; sourceTree = SDKROOT; };
		6D90A1562954172600F88736 /* libz.tbd */ = {isa = PBXFileReference; lastKnownFileType = "sourcecode.text-based-dylib-definition"; name = libz.tbd; path = usr/lib/libz.tbd; sourceTree = SDKROOT; };
		6D90A1582954172E00F88736 /* VideoToolbox.framework */ = {isa = PBXFileReference; lastKnownFileType = wrapper.framework; name = VideoToolbox.framework; path = System/Library/Frameworks/VideoToolbox.framework; sourceTree = SDKROOT; };
		6D90A15A2954173400F88736 /* CoreVideo.framework */ = {isa = PBXFileReference; lastKnownFileType = wrapper.framework; name = CoreVideo.framework; path = System/Library/Frameworks/CoreVideo.framework; sourceTree = SDKROOT; };
		6D90A15C2954173D00F88736 /* libbz2.tbd */ = {isa = PBXFileReference; lastKnownFileType = "sourcecode.text-based-dylib-definition"; name = libbz2.tbd; path = usr/lib/libbz2.tbd; sourceTree = SDKROOT; };
		6D90A15E2954174400F88736 /* MediaPlayer.framework */ = {isa = PBXFileReference; lastKnownFileType = wrapper.framework; name = MediaPlayer.framework; path = System/Library/Frameworks/MediaPlayer.framework; sourceTree = SDKROOT; };
		6D90A1602954174B00F88736 /* MobileCoreServices.framework */ = {isa = PBXFileReference; lastKnownFileType = wrapper.framework; name = MobileCoreServices.framework; path = System/Library/Frameworks/MobileCoreServices.framework; sourceTree = SDKROOT; };
		6D90A1622954175000F88736 /* OpenGLES.framework */ = {isa = PBXFileReference; lastKnownFileType = wrapper.framework; name = OpenGLES.framework; path = System/Library/Frameworks/OpenGLES.framework; sourceTree = SDKROOT; };
		6D90A1642954175500F88736 /* UIKit.framework */ = {isa = PBXFileReference; lastKnownFileType = wrapper.framework; name = UIKit.framework; path = System/Library/Frameworks/UIKit.framework; sourceTree = SDKROOT; };
		6D90A1662954175A00F88736 /* QuartzCore.framework */ = {isa = PBXFileReference; lastKnownFileType = wrapper.framework; name = QuartzCore.framework; path = System/Library/Frameworks/QuartzCore.framework; sourceTree = SDKROOT; };
		6D90A1682954176300F88736 /* libc++.1.tbd */ = {isa = PBXFileReference; lastKnownFileType = "sourcecode.text-based-dylib-definition"; name = "libc++.1.tbd"; path = "usr/lib/libc++.1.tbd"; sourceTree = SDKROOT; };
		6D90A16A295417CA00F88736 /* Playback_Example-Bridging-Header.h */ = {isa = PBXFileReference; lastKnownFileType = sourcecode.c.h; path = "Playback_Example-Bridging-Header.h"; sourceTree = "<group>"; };
		6D90A16D295417CB00F88736 /* AppDelegate.swift */ = {isa = PBXFileReference; fileEncoding = 4; lastKnownFileType = sourcecode.swift; path = AppDelegate.swift; sourceTree = "<group>"; };
		6D90A16E295417CB00F88736 /* PlayerViewController.swift */ = {isa = PBXFileReference; fileEncoding = 4; lastKnownFileType = sourcecode.swift; path = PlayerViewController.swift; sourceTree = "<group>"; };
		6D90A16F295417CB00F88736 /* PostsViewController.swift */ = {isa = PBXFileReference; fileEncoding = 4; lastKnownFileType = sourcecode.swift; path = PostsViewController.swift; sourceTree = "<group>"; };
		6D90A170295417CB00F88736 /* Main.storyboard */ = {isa = PBXFileReference; fileEncoding = 4; lastKnownFileType = file.storyboard; path = Main.storyboard; sourceTree = "<group>"; };
		6D90A171295417CB00F88736 /* DemoListViewController.swift */ = {isa = PBXFileReference; fileEncoding = 4; lastKnownFileType = sourcecode.swift; path = DemoListViewController.swift; sourceTree = "<group>"; };
		6D90A1792954361C00F88736 /* PostCells.swift */ = {isa = PBXFileReference; lastKnownFileType = sourcecode.swift; path = PostCells.swift; sourceTree = "<group>"; };
		6DF9A5892D1133710013D936 /* local_mp3.mp3 */ = {isa = PBXFileReference; lastKnownFileType = audio.mp3; path = local_mp3.mp3; sourceTree = "<group>"; };
		6DF9A58A2D1133710013D936 /* local_ogg.ogg */ = {isa = PBXFileReference; lastKnownFileType = file; path = local_ogg.ogg; sourceTree = "<group>"; };
		6DF9A58B2D1133710013D936 /* local_wav.wav */ = {isa = PBXFileReference; lastKnownFileType = audio.wav; path = local_wav.wav; sourceTree = "<group>"; };
		72EDD19C266546127ECFE098 /* Pods_Playback_Tests.framework */ = {isa = PBXFileReference; explicitFileType = wrapper.framework; includeInIndex = 0; path = Pods_Playback_Tests.framework; sourceTree = BUILT_PRODUCTS_DIR; };
		78A0F2E8DAA8A95FBB80952E /* Pods-Playback_Tests.release.xcconfig */ = {isa = PBXFileReference; includeInIndex = 1; lastKnownFileType = text.xcconfig; name = "Pods-Playback_Tests.release.xcconfig"; path = "Target Support Files/Pods-Playback_Tests/Pods-Playback_Tests.release.xcconfig"; sourceTree = "<group>"; };
		927A95A3900530EB8654F57B /* Pods-Playback_Tests.debug.xcconfig */ = {isa = PBXFileReference; includeInIndex = 1; lastKnownFileType = text.xcconfig; name = "Pods-Playback_Tests.debug.xcconfig"; path = "Target Support Files/Pods-Playback_Tests/Pods-Playback_Tests.debug.xcconfig"; sourceTree = "<group>"; };
		E7329CC7563A9FE610C3F920 /* Pods-Playback_Example.debug.xcconfig */ = {isa = PBXFileReference; includeInIndex = 1; lastKnownFileType = text.xcconfig; name = "Pods-Playback_Example.debug.xcconfig"; path = "Target Support Files/Pods-Playback_Example/Pods-Playback_Example.debug.xcconfig"; sourceTree = "<group>"; };
		F34304A5D0E94E56C6DA73BD /* LICENSE */ = {isa = PBXFileReference; includeInIndex = 1; lastKnownFileType = text; name = LICENSE; path = ../LICENSE; sourceTree = "<group>"; };
/* End PBXFileReference section */

/* Begin PBXFrameworksBuildPhase section */
		607FACCD1AFB9204008FA782 /* Frameworks */ = {
			isa = PBXFrameworksBuildPhase;
			buildActionMask = 2147483647;
			files = (
				6D90A1612954174B00F88736 /* MobileCoreServices.framework in Frameworks */,
				EC210DD110922C0D6CC8150E /* Pods_Playback_Example.framework in Frameworks */,
			);
			runOnlyForDeploymentPostprocessing = 0;
		};
		607FACE21AFB9204008FA782 /* Frameworks */ = {
			isa = PBXFrameworksBuildPhase;
			buildActionMask = 2147483647;
			files = (
				987180548DF2E53859CAF6FC /* Pods_Playback_Tests.framework in Frameworks */,
			);
			runOnlyForDeploymentPostprocessing = 0;
		};
/* End PBXFrameworksBuildPhase section */

/* Begin PBXGroup section */
		155D384DB6AB9AAC6B5139E8 /* Frameworks */ = {
			isa = PBXGroup;
			children = (
				6D90A1682954176300F88736 /* libc++.1.tbd */,
				6D90A1662954175A00F88736 /* QuartzCore.framework */,
				6D90A1642954175500F88736 /* UIKit.framework */,
				6D90A1622954175000F88736 /* OpenGLES.framework */,
				6D90A1602954174B00F88736 /* MobileCoreServices.framework */,
				6D90A15E2954174400F88736 /* MediaPlayer.framework */,
				6D90A15C2954173D00F88736 /* libbz2.tbd */,
				6D90A15A2954173400F88736 /* CoreVideo.framework */,
				6D90A1582954172E00F88736 /* VideoToolbox.framework */,
				6D90A1562954172600F88736 /* libz.tbd */,
				6D90A1542954171D00F88736 /* CoreMedia.framework */,
				6D90A1522954171700F88736 /* CoreGraphics.framework */,
				6D90A1502954171000F88736 /* AVFoundation.framework */,
				6D90A14E2954170B00F88736 /* AudioToolbox.framework */,
				631E5ABFCEF4B251627317A5 /* Pods_Playback_Example.framework */,
				72EDD19C266546127ECFE098 /* Pods_Playback_Tests.framework */,
			);
			name = Frameworks;
			sourceTree = "<group>";
		};
		607FACC71AFB9204008FA782 = {
			isa = PBXGroup;
			children = (
				607FACF51AFB993E008FA782 /* Podspec Metadata */,
				607FACD21AFB9204008FA782 /* Example for Playback */,
				607FACE81AFB9204008FA782 /* Tests */,
				607FACD11AFB9204008FA782 /* Products */,
				6318324A684682765E53FA30 /* Pods */,
				155D384DB6AB9AAC6B5139E8 /* Frameworks */,
			);
			sourceTree = "<group>";
		};
		607FACD11AFB9204008FA782 /* Products */ = {
			isa = PBXGroup;
			children = (
				607FACD01AFB9204008FA782 /* Playback_Example.app */,
				607FACE51AFB9204008FA782 /* Playback_Tests.xctest */,
			);
			name = Products;
			sourceTree = "<group>";
		};
		607FACD21AFB9204008FA782 /* Example for Playback */ = {
			isa = PBXGroup;
			children = (
				6D29BECB2D10510300D19EEE /* Resource.swift */,
				6D90A16A295417CA00F88736 /* Playback_Example-Bridging-Header.h */,
				6D90A170295417CB00F88736 /* Main.storyboard */,
				6D90A16D295417CB00F88736 /* AppDelegate.swift */,
				6D90A171295417CB00F88736 /* DemoListViewController.swift */,
				6D54AE60296D3EAD00174BDE /* NavigationController.swift */,
				6D90A1792954361C00F88736 /* PostCells.swift */,
				6D90A16E295417CB00F88736 /* PlayerViewController.swift */,
				6D90A16F295417CB00F88736 /* PostsViewController.swift */,
				607FACDC1AFB9204008FA782 /* Images.xcassets */,
				607FACDE1AFB9204008FA782 /* LaunchScreen.xib */,
				6D167CCB2CF8154B0070C77D /* samples */,
				607FACD31AFB9204008FA782 /* Supporting Files */,
			);
			name = "Example for Playback";
			path = Playback;
			sourceTree = "<group>";
		};
		607FACD31AFB9204008FA782 /* Supporting Files */ = {
			isa = PBXGroup;
			children = (
				607FACD41AFB9204008FA782 /* Info.plist */,
			);
			name = "Supporting Files";
			sourceTree = "<group>";
		};
		607FACE81AFB9204008FA782 /* Tests */ = {
			isa = PBXGroup;
			children = (
				607FACEB1AFB9204008FA782 /* Tests.swift */,
				607FACE91AFB9204008FA782 /* Supporting Files */,
			);
			path = Tests;
			sourceTree = "<group>";
		};
		607FACE91AFB9204008FA782 /* Supporting Files */ = {
			isa = PBXGroup;
			children = (
				607FACEA1AFB9204008FA782 /* Info.plist */,
			);
			name = "Supporting Files";
			sourceTree = "<group>";
		};
		607FACF51AFB993E008FA782 /* Podspec Metadata */ = {
			isa = PBXGroup;
			children = (
				6D0B5A782D0993DA00665B28 /* PlaybackFoundation.podspec */,
				6D0B5A792D0993DA00665B28 /* Playback.podspec */,
				09AE2BAA5812CAC7AA164808 /* README.md */,
				F34304A5D0E94E56C6DA73BD /* LICENSE */,
			);
			name = "Podspec Metadata";
			sourceTree = "<group>";
		};
		6318324A684682765E53FA30 /* Pods */ = {
			isa = PBXGroup;
			children = (
				E7329CC7563A9FE610C3F920 /* Pods-Playback_Example.debug.xcconfig */,
				4351F377976C0EB3491F060C /* Pods-Playback_Example.release.xcconfig */,
				927A95A3900530EB8654F57B /* Pods-Playback_Tests.debug.xcconfig */,
				78A0F2E8DAA8A95FBB80952E /* Pods-Playback_Tests.release.xcconfig */,
			);
			path = Pods;
			sourceTree = "<group>";
		};
		6D167CCB2CF8154B0070C77D /* samples */ = {
			isa = PBXGroup;
			children = (
				6DF9A5892D1133710013D936 /* local_mp3.mp3 */,
				6DF9A58A2D1133710013D936 /* local_ogg.ogg */,
				6DF9A58B2D1133710013D936 /* local_wav.wav */,
				6D0B5A6F2D0976B100665B28 /* local_wmv.wmv */,
				6D0B5A712D09783A00665B28 /* local_vob.vob */,
				6D3BABA92CF9C67A00218A6B /* local_mov.mov */,
				6D167CCC2CF8155B0070C77D /* local_mp4.mp4 */,
			);
			path = samples;
			sourceTree = "<group>";
		};
/* End PBXGroup section */

/* Begin PBXNativeTarget section */
		607FACCF1AFB9204008FA782 /* Playback_Example */ = {
			isa = PBXNativeTarget;
			buildConfigurationList = 607FACEF1AFB9204008FA782 /* Build configuration list for PBXNativeTarget "Playback_Example" */;
			buildPhases = (
				1ABABEFEE47655B967D85CF5 /* [CP] Check Pods Manifest.lock */,
				607FACCC1AFB9204008FA782 /* Sources */,
				607FACCD1AFB9204008FA782 /* Frameworks */,
				607FACCE1AFB9204008FA782 /* Resources */,
				479A5E52575E8BA8F9BF5168 /* [CP] Embed Pods Frameworks */,
				17A05906FA16BB14BC303ED6 /* [CP] Copy Pods Resources */,
			);
			buildRules = (
			);
			dependencies = (
			);
			name = Playback_Example;
			productName = Playback;
			productReference = 607FACD01AFB9204008FA782 /* Playback_Example.app */;
			productType = "com.apple.product-type.application";
		};
		607FACE41AFB9204008FA782 /* Playback_Tests */ = {
			isa = PBXNativeTarget;
			buildConfigurationList = 607FACF21AFB9204008FA782 /* Build configuration list for PBXNativeTarget "Playback_Tests" */;
			buildPhases = (
				BF585DB772BBBF9C445AF367 /* [CP] Check Pods Manifest.lock */,
				607FACE11AFB9204008FA782 /* Sources */,
				607FACE21AFB9204008FA782 /* Frameworks */,
				607FACE31AFB9204008FA782 /* Resources */,
			);
			buildRules = (
			);
			dependencies = (
				607FACE71AFB9204008FA782 /* PBXTargetDependency */,
			);
			name = Playback_Tests;
			productName = Tests;
			productReference = 607FACE51AFB9204008FA782 /* Playback_Tests.xctest */;
			productType = "com.apple.product-type.bundle.unit-test";
		};
/* End PBXNativeTarget section */

/* Begin PBXProject section */
		607FACC81AFB9204008FA782 /* Project object */ = {
			isa = PBXProject;
			attributes = {
				LastSwiftUpdateCheck = 0830;
				LastUpgradeCheck = 0830;
				ORGANIZATIONNAME = CocoaPods;
				TargetAttributes = {
					607FACCF1AFB9204008FA782 = {
						CreatedOnToolsVersion = 6.3.1;
						DevelopmentTeam = J63V69HMS9;
						LastSwiftMigration = 1400;
					};
					607FACE41AFB9204008FA782 = {
						CreatedOnToolsVersion = 6.3.1;
						DevelopmentTeam = J63V69HMS9;
						LastSwiftMigration = 0900;
						TestTargetID = 607FACCF1AFB9204008FA782;
					};
				};
			};
			buildConfigurationList = 607FACCB1AFB9204008FA782 /* Build configuration list for PBXProject "Playback" */;
			compatibilityVersion = "Xcode 3.2";
			developmentRegion = English;
			hasScannedForEncodings = 0;
			knownRegions = (
				English,
				en,
				Base,
			);
			mainGroup = 607FACC71AFB9204008FA782;
			productRefGroup = 607FACD11AFB9204008FA782 /* Products */;
			projectDirPath = "";
			projectRoot = "";
			targets = (
				607FACCF1AFB9204008FA782 /* Playback_Example */,
				607FACE41AFB9204008FA782 /* Playback_Tests */,
			);
		};
/* End PBXProject section */

/* Begin PBXResourcesBuildPhase section */
		607FACCE1AFB9204008FA782 /* Resources */ = {
			isa = PBXResourcesBuildPhase;
			buildActionMask = 2147483647;
			files = (
				6D0B5A722D09783A00665B28 /* local_vob.vob in Resources */,
				6D0B5A702D0976B100665B28 /* local_wmv.wmv in Resources */,
				6D90A177295417CC00F88736 /* Main.storyboard in Resources */,
				607FACE01AFB9204008FA782 /* LaunchScreen.xib in Resources */,
				6DF9A58C2D1133710013D936 /* local_mp3.mp3 in Resources */,
				6DF9A58D2D1133710013D936 /* local_wav.wav in Resources */,
				6DF9A58E2D1133710013D936 /* local_ogg.ogg in Resources */,
				607FACDD1AFB9204008FA782 /* Images.xcassets in Resources */,
				6D167CCD2CF8155B0070C77D /* local_mp4.mp4 in Resources */,
				6D3BABAA2CF9C67A00218A6B /* local_mov.mov in Resources */,
			);
			runOnlyForDeploymentPostprocessing = 0;
		};
		607FACE31AFB9204008FA782 /* Resources */ = {
			isa = PBXResourcesBuildPhase;
			buildActionMask = 2147483647;
			files = (
			);
			runOnlyForDeploymentPostprocessing = 0;
		};
/* End PBXResourcesBuildPhase section */

/* Begin PBXShellScriptBuildPhase section */
		17A05906FA16BB14BC303ED6 /* [CP] Copy Pods Resources */ = {
			isa = PBXShellScriptBuildPhase;
			buildActionMask = 2147483647;
			files = (
			);
			inputPaths = (
				"${PODS_ROOT}/Target Support Files/Pods-Playback_Example/Pods-Playback_Example-resources.sh",
				"${PODS_CONFIGURATION_BUILD_DIR}/Playback/Playback_Assets.bundle",
			);
			name = "[CP] Copy Pods Resources";
			outputPaths = (
				"${TARGET_BUILD_DIR}/${UNLOCALIZED_RESOURCES_FOLDER_PATH}/Playback_Assets.bundle",
			);
			runOnlyForDeploymentPostprocessing = 0;
			shellPath = /bin/sh;
			shellScript = "\"${PODS_ROOT}/Target Support Files/Pods-Playback_Example/Pods-Playback_Example-resources.sh\"\n";
			showEnvVarsInLog = 0;
		};
		1ABABEFEE47655B967D85CF5 /* [CP] Check Pods Manifest.lock */ = {
			isa = PBXShellScriptBuildPhase;
			buildActionMask = 2147483647;
			files = (
			);
			inputFileListPaths = (
			);
			inputPaths = (
				"${PODS_PODFILE_DIR_PATH}/Podfile.lock",
				"${PODS_ROOT}/Manifest.lock",
			);
			name = "[CP] Check Pods Manifest.lock";
			outputFileListPaths = (
			);
			outputPaths = (
				"$(DERIVED_FILE_DIR)/Pods-Playback_Example-checkManifestLockResult.txt",
			);
			runOnlyForDeploymentPostprocessing = 0;
			shellPath = /bin/sh;
			shellScript = "diff \"${PODS_PODFILE_DIR_PATH}/Podfile.lock\" \"${PODS_ROOT}/Manifest.lock\" > /dev/null\nif [ $? != 0 ] ; then\n    # print error to STDERR\n    echo \"error: The sandbox is not in sync with the Podfile.lock. Run 'pod install' or update your CocoaPods installation.\" >&2\n    exit 1\nfi\n# This output is used by Xcode 'outputs' to avoid re-running this script phase.\necho \"SUCCESS\" > \"${SCRIPT_OUTPUT_FILE_0}\"\n";
			showEnvVarsInLog = 0;
		};
		479A5E52575E8BA8F9BF5168 /* [CP] Embed Pods Frameworks */ = {
			isa = PBXShellScriptBuildPhase;
			buildActionMask = 2147483647;
			files = (
			);
			inputPaths = (
				"${PODS_ROOT}/Target Support Files/Pods-Playback_Example/Pods-Playback_Example-frameworks.sh",
				"${BUILT_PRODUCTS_DIR}/LookinServer/LookinServer.framework",
				"${BUILT_PRODUCTS_DIR}/SnapKit/SnapKit.framework",
				"${BUILT_PRODUCTS_DIR}/XKit/XKit.framework",
				"${BUILT_PRODUCTS_DIR}/XUI/XUI.framework",
				"${PODS_XCFRAMEWORKS_BUILD_DIR}/MobileVLCKit/MobileVLCKit.framework/MobileVLCKit",
			);
			name = "[CP] Embed Pods Frameworks";
			outputPaths = (
				"${TARGET_BUILD_DIR}/${FRAMEWORKS_FOLDER_PATH}/LookinServer.framework",
				"${TARGET_BUILD_DIR}/${FRAMEWORKS_FOLDER_PATH}/SnapKit.framework",
				"${TARGET_BUILD_DIR}/${FRAMEWORKS_FOLDER_PATH}/XKit.framework",
				"${TARGET_BUILD_DIR}/${FRAMEWORKS_FOLDER_PATH}/XUI.framework",
				"${TARGET_BUILD_DIR}/${FRAMEWORKS_FOLDER_PATH}/MobileVLCKit.framework",
			);
			runOnlyForDeploymentPostprocessing = 0;
			shellPath = /bin/sh;
			shellScript = "\"${PODS_ROOT}/Target Support Files/Pods-Playback_Example/Pods-Playback_Example-frameworks.sh\"\n";
			showEnvVarsInLog = 0;
		};
		BF585DB772BBBF9C445AF367 /* [CP] Check Pods Manifest.lock */ = {
			isa = PBXShellScriptBuildPhase;
			buildActionMask = 2147483647;
			files = (
			);
			inputFileListPaths = (
			);
			inputPaths = (
				"${PODS_PODFILE_DIR_PATH}/Podfile.lock",
				"${PODS_ROOT}/Manifest.lock",
			);
			name = "[CP] Check Pods Manifest.lock";
			outputFileListPaths = (
			);
			outputPaths = (
				"$(DERIVED_FILE_DIR)/Pods-Playback_Tests-checkManifestLockResult.txt",
			);
			runOnlyForDeploymentPostprocessing = 0;
			shellPath = /bin/sh;
			shellScript = "diff \"${PODS_PODFILE_DIR_PATH}/Podfile.lock\" \"${PODS_ROOT}/Manifest.lock\" > /dev/null\nif [ $? != 0 ] ; then\n    # print error to STDERR\n    echo \"error: The sandbox is not in sync with the Podfile.lock. Run 'pod install' or update your CocoaPods installation.\" >&2\n    exit 1\nfi\n# This output is used by Xcode 'outputs' to avoid re-running this script phase.\necho \"SUCCESS\" > \"${SCRIPT_OUTPUT_FILE_0}\"\n";
			showEnvVarsInLog = 0;
		};
/* End PBXShellScriptBuildPhase section */

/* Begin PBXSourcesBuildPhase section */
		607FACCC1AFB9204008FA782 /* Sources */ = {
			isa = PBXSourcesBuildPhase;
			buildActionMask = 2147483647;
			files = (
				6D29BECC2D10510700D19EEE /* Resource.swift in Sources */,
				6D90A174295417CC00F88736 /* AppDelegate.swift in Sources */,
				6D54AE61296D3EAD00174BDE /* NavigationController.swift in Sources */,
				6D90A175295417CC00F88736 /* PlayerViewController.swift in Sources */,
				6D90A176295417CC00F88736 /* PostsViewController.swift in Sources */,
				6D90A178295417CC00F88736 /* DemoListViewController.swift in Sources */,
				6D90A17A2954361C00F88736 /* PostCells.swift in Sources */,
			);
			runOnlyForDeploymentPostprocessing = 0;
		};
		607FACE11AFB9204008FA782 /* Sources */ = {
			isa = PBXSourcesBuildPhase;
			buildActionMask = 2147483647;
			files = (
				607FACEC1AFB9204008FA782 /* Tests.swift in Sources */,
			);
			runOnlyForDeploymentPostprocessing = 0;
		};
/* End PBXSourcesBuildPhase section */

/* Begin PBXTargetDependency section */
		607FACE71AFB9204008FA782 /* PBXTargetDependency */ = {
			isa = PBXTargetDependency;
			target = 607FACCF1AFB9204008FA782 /* Playback_Example */;
			targetProxy = 607FACE61AFB9204008FA782 /* PBXContainerItemProxy */;
		};
/* End PBXTargetDependency section */

/* Begin PBXVariantGroup section */
		607FACDE1AFB9204008FA782 /* LaunchScreen.xib */ = {
			isa = PBXVariantGroup;
			children = (
				607FACDF1AFB9204008FA782 /* Base */,
			);
			name = LaunchScreen.xib;
			sourceTree = "<group>";
		};
/* End PBXVariantGroup section */

/* Begin XCBuildConfiguration section */
		607FACED1AFB9204008FA782 /* Debug */ = {
			isa = XCBuildConfiguration;
			buildSettings = {
				ALWAYS_SEARCH_USER_PATHS = NO;
				CLANG_CXX_LANGUAGE_STANDARD = "gnu++0x";
				CLANG_CXX_LIBRARY = "libc++";
				CLANG_ENABLE_MODULES = YES;
				CLANG_ENABLE_OBJC_ARC = YES;
				CLANG_WARN_BLOCK_CAPTURE_AUTORELEASING = YES;
				CLANG_WARN_BOOL_CONVERSION = YES;
				CLANG_WARN_COMMA = YES;
				CLANG_WARN_CONSTANT_CONVERSION = YES;
				CLANG_WARN_DIRECT_OBJC_ISA_USAGE = YES_ERROR;
				CLANG_WARN_EMPTY_BODY = YES;
				CLANG_WARN_ENUM_CONVERSION = YES;
				CLANG_WARN_INFINITE_RECURSION = YES;
				CLANG_WARN_INT_CONVERSION = YES;
				CLANG_WARN_NON_LITERAL_NULL_CONVERSION = YES;
				CLANG_WARN_OBJC_LITERAL_CONVERSION = YES;
				CLANG_WARN_OBJC_ROOT_CLASS = YES_ERROR;
				CLANG_WARN_RANGE_LOOP_ANALYSIS = YES;
				CLANG_WARN_STRICT_PROTOTYPES = YES;
				CLANG_WARN_SUSPICIOUS_MOVE = YES;
				CLANG_WARN_UNREACHABLE_CODE = YES;
				CLANG_WARN__DUPLICATE_METHOD_MATCH = YES;
				"CODE_SIGN_IDENTITY[sdk=iphoneos*]" = "iPhone Developer";
				COPY_PHASE_STRIP = NO;
				DEBUG_INFORMATION_FORMAT = "dwarf-with-dsym";
				ENABLE_STRICT_OBJC_MSGSEND = YES;
				ENABLE_TESTABILITY = YES;
				GCC_C_LANGUAGE_STANDARD = gnu99;
				GCC_DYNAMIC_NO_PIC = NO;
				GCC_NO_COMMON_BLOCKS = YES;
				GCC_OPTIMIZATION_LEVEL = 0;
				GCC_PREPROCESSOR_DEFINITIONS = (
					"DEBUG=1",
					"$(inherited)",
				);
				GCC_SYMBOLS_PRIVATE_EXTERN = NO;
				GCC_WARN_64_TO_32_BIT_CONVERSION = YES;
				GCC_WARN_ABOUT_RETURN_TYPE = YES_ERROR;
				GCC_WARN_UNDECLARED_SELECTOR = YES;
				GCC_WARN_UNINITIALIZED_AUTOS = YES_AGGRESSIVE;
				GCC_WARN_UNUSED_FUNCTION = YES;
				GCC_WARN_UNUSED_VARIABLE = YES;
				IPHONEOS_DEPLOYMENT_TARGET = 13.0;
				MTL_ENABLE_DEBUG_INFO = YES;
				ONLY_ACTIVE_ARCH = YES;
				SDKROOT = iphoneos;
				SWIFT_OPTIMIZATION_LEVEL = "-Onone";
				SWIFT_VERSION = 5.0;
			};
			name = Debug;
		};
		607FACEE1AFB9204008FA782 /* Release */ = {
			isa = XCBuildConfiguration;
			buildSettings = {
				ALWAYS_SEARCH_USER_PATHS = NO;
				CLANG_CXX_LANGUAGE_STANDARD = "gnu++0x";
				CLANG_CXX_LIBRARY = "libc++";
				CLANG_ENABLE_MODULES = YES;
				CLANG_ENABLE_OBJC_ARC = YES;
				CLANG_WARN_BLOCK_CAPTURE_AUTORELEASING = YES;
				CLANG_WARN_BOOL_CONVERSION = YES;
				CLANG_WARN_COMMA = YES;
				CLANG_WARN_CONSTANT_CONVERSION = YES;
				CLANG_WARN_DIRECT_OBJC_ISA_USAGE = YES_ERROR;
				CLANG_WARN_EMPTY_BODY = YES;
				CLANG_WARN_ENUM_CONVERSION = YES;
				CLANG_WARN_INFINITE_RECURSION = YES;
				CLANG_WARN_INT_CONVERSION = YES;
				CLANG_WARN_NON_LITERAL_NULL_CONVERSION = YES;
				CLANG_WARN_OBJC_LITERAL_CONVERSION = YES;
				CLANG_WARN_OBJC_ROOT_CLASS = YES_ERROR;
				CLANG_WARN_RANGE_LOOP_ANALYSIS = YES;
				CLANG_WARN_STRICT_PROTOTYPES = YES;
				CLANG_WARN_SUSPICIOUS_MOVE = YES;
				CLANG_WARN_UNREACHABLE_CODE = YES;
				CLANG_WARN__DUPLICATE_METHOD_MATCH = YES;
				"CODE_SIGN_IDENTITY[sdk=iphoneos*]" = "iPhone Developer";
				COPY_PHASE_STRIP = NO;
				DEBUG_INFORMATION_FORMAT = "dwarf-with-dsym";
				ENABLE_NS_ASSERTIONS = NO;
				ENABLE_STRICT_OBJC_MSGSEND = YES;
				GCC_C_LANGUAGE_STANDARD = gnu99;
				GCC_NO_COMMON_BLOCKS = YES;
				GCC_WARN_64_TO_32_BIT_CONVERSION = YES;
				GCC_WARN_ABOUT_RETURN_TYPE = YES_ERROR;
				GCC_WARN_UNDECLARED_SELECTOR = YES;
				GCC_WARN_UNINITIALIZED_AUTOS = YES_AGGRESSIVE;
				GCC_WARN_UNUSED_FUNCTION = YES;
				GCC_WARN_UNUSED_VARIABLE = YES;
				IPHONEOS_DEPLOYMENT_TARGET = 13.0;
				MTL_ENABLE_DEBUG_INFO = NO;
				SDKROOT = iphoneos;
				SWIFT_OPTIMIZATION_LEVEL = "-Owholemodule";
				SWIFT_VERSION = 5.0;
				VALIDATE_PRODUCT = YES;
			};
			name = Release;
		};
		607FACF01AFB9204008FA782 /* Debug */ = {
			isa = XCBuildConfiguration;
			baseConfigurationReference = E7329CC7563A9FE610C3F920 /* Pods-Playback_Example.debug.xcconfig */;
			buildSettings = {
				ASSETCATALOG_COMPILER_APPICON_NAME = AppIcon;
				CLANG_ENABLE_MODULES = YES;
				DEVELOPMENT_TEAM = J63V69HMS9;
				INFOPLIST_FILE = Playback/Info.plist;
				INFOPLIST_KEY_UIMainStoryboardFile = Main;
				LD_RUNPATH_SEARCH_PATHS = "$(inherited) @executable_path/Frameworks";
				MODULE_NAME = ExampleApp;
				PRODUCT_BUNDLE_IDENTIFIER = "org.cocoapods.demo.$(PRODUCT_NAME:rfc1034identifier)";
				PRODUCT_NAME = "$(TARGET_NAME)";
				SUPPORTED_PLATFORMS = "iphoneos iphonesimulator";
				SUPPORTS_MACCATALYST = NO;
				SUPPORTS_MAC_DESIGNED_FOR_IPHONE_IPAD = YES;
				SWIFT_OBJC_BRIDGING_HEADER = "Playback/Playback_Example-Bridging-Header.h";
				SWIFT_OPTIMIZATION_LEVEL = "-Onone";
				SWIFT_SWIFT3_OBJC_INFERENCE = Default;
				SWIFT_VERSION = 5.0;
				TARGETED_DEVICE_FAMILY = "1,2";
			};
			name = Debug;
		};
		607FACF11AFB9204008FA782 /* Release */ = {
			isa = XCBuildConfiguration;
			baseConfigurationReference = 4351F377976C0EB3491F060C /* Pods-Playback_Example.release.xcconfig */;
			buildSettings = {
				ASSETCATALOG_COMPILER_APPICON_NAME = AppIcon;
				CLANG_ENABLE_MODULES = YES;
				DEVELOPMENT_TEAM = J63V69HMS9;
				INFOPLIST_FILE = Playback/Info.plist;
				INFOPLIST_KEY_UIMainStoryboardFile = Main;
				LD_RUNPATH_SEARCH_PATHS = "$(inherited) @executable_path/Frameworks";
				MODULE_NAME = ExampleApp;
				PRODUCT_BUNDLE_IDENTIFIER = "org.cocoapods.demo.$(PRODUCT_NAME:rfc1034identifier)";
				PRODUCT_NAME = "$(TARGET_NAME)";
				SUPPORTED_PLATFORMS = "iphoneos iphonesimulator";
				SUPPORTS_MACCATALYST = NO;
				SUPPORTS_MAC_DESIGNED_FOR_IPHONE_IPAD = YES;
				SWIFT_OBJC_BRIDGING_HEADER = "Playback/Playback_Example-Bridging-Header.h";
				SWIFT_SWIFT3_OBJC_INFERENCE = Default;
				SWIFT_VERSION = 5.0;
				TARGETED_DEVICE_FAMILY = "1,2";
			};
			name = Release;
		};
		607FACF31AFB9204008FA782 /* Debug */ = {
			isa = XCBuildConfiguration;
			baseConfigurationReference = 927A95A3900530EB8654F57B /* Pods-Playback_Tests.debug.xcconfig */;
			buildSettings = {
				ALWAYS_EMBED_SWIFT_STANDARD_LIBRARIES = YES;
				DEVELOPMENT_TEAM = J63V69HMS9;
				FRAMEWORK_SEARCH_PATHS = (
					"$(PLATFORM_DIR)/Developer/Library/Frameworks",
					"$(inherited)",
				);
				GCC_PREPROCESSOR_DEFINITIONS = (
					"DEBUG=1",
					"$(inherited)",
				);
				INFOPLIST_FILE = Tests/Info.plist;
				LD_RUNPATH_SEARCH_PATHS = "$(inherited) @executable_path/Frameworks @loader_path/Frameworks";
				PRODUCT_BUNDLE_IDENTIFIER = "org.cocoapods.$(PRODUCT_NAME:rfc1034identifier)";
				PRODUCT_NAME = "$(TARGET_NAME)";
				SWIFT_SWIFT3_OBJC_INFERENCE = Default;
				SWIFT_VERSION = 5.0;
				TEST_HOST = "$(BUILT_PRODUCTS_DIR)/Playback_Example.app/Playback_Example";
			};
			name = Debug;
		};
		607FACF41AFB9204008FA782 /* Release */ = {
			isa = XCBuildConfiguration;
			baseConfigurationReference = 78A0F2E8DAA8A95FBB80952E /* Pods-Playback_Tests.release.xcconfig */;
			buildSettings = {
				ALWAYS_EMBED_SWIFT_STANDARD_LIBRARIES = YES;
				DEVELOPMENT_TEAM = J63V69HMS9;
				FRAMEWORK_SEARCH_PATHS = (
					"$(PLATFORM_DIR)/Developer/Library/Frameworks",
					"$(inherited)",
				);
				INFOPLIST_FILE = Tests/Info.plist;
				LD_RUNPATH_SEARCH_PATHS = "$(inherited) @executable_path/Frameworks @loader_path/Frameworks";
				PRODUCT_BUNDLE_IDENTIFIER = "org.cocoapods.$(PRODUCT_NAME:rfc1034identifier)";
				PRODUCT_NAME = "$(TARGET_NAME)";
				SWIFT_SWIFT3_OBJC_INFERENCE = Default;
				SWIFT_VERSION = 5.0;
				TEST_HOST = "$(BUILT_PRODUCTS_DIR)/Playback_Example.app/Playback_Example";
			};
			name = Release;
		};
/* End XCBuildConfiguration section */

/* Begin XCConfigurationList section */
		607FACCB1AFB9204008FA782 /* Build configuration list for PBXProject "Playback" */ = {
			isa = XCConfigurationList;
			buildConfigurations = (
				607FACED1AFB9204008FA782 /* Debug */,
				607FACEE1AFB9204008FA782 /* Release */,
			);
			defaultConfigurationIsVisible = 0;
			defaultConfigurationName = Release;
		};
		607FACEF1AFB9204008FA782 /* Build configuration list for PBXNativeTarget "Playback_Example" */ = {
			isa = XCConfigurationList;
			buildConfigurations = (
				607FACF01AFB9204008FA782 /* Debug */,
				607FACF11AFB9204008FA782 /* Release */,
			);
			defaultConfigurationIsVisible = 0;
			defaultConfigurationName = Release;
		};
		607FACF21AFB9204008FA782 /* Build configuration list for PBXNativeTarget "Playback_Tests" */ = {
			isa = XCConfigurationList;
			buildConfigurations = (
				607FACF31AFB9204008FA782 /* Debug */,
				607FACF41AFB9204008FA782 /* Release */,
			);
			defaultConfigurationIsVisible = 0;
			defaultConfigurationName = Release;
		};
/* End XCConfigurationList section */
	};
	rootObject = 607FACC81AFB9204008FA782 /* Project object */;
}
